// !$*UTF8*$!
{
	archiveVersion = 1;
	classes = {
	};
	objectVersion = 50;
	objects = {

/* Begin PBXBuildFile section */
		2AD7CFDD20BF8855008495BA /* AppDelegate.swift in Sources */ = {isa = PBXBuildFile; fileRef = 2AD7CFDC20BF8855008495BA /* AppDelegate.swift */; };
		2AD7CFDF20BF8855008495BA /* GameScene.sks in Resources */ = {isa = PBXBuildFile; fileRef = 2AD7CFDE20BF8855008495BA /* GameScene.sks */; };
		2AD7CFE120BF8855008495BA /* Actions.sks in Resources */ = {isa = PBXBuildFile; fileRef = 2AD7CFE020BF8855008495BA /* Actions.sks */; };
		2AD7CFE320BF8855008495BA /* GameScene.swift in Sources */ = {isa = PBXBuildFile; fileRef = 2AD7CFE220BF8855008495BA /* GameScene.swift */; };
		2AD7CFE520BF8855008495BA /* GameViewController.swift in Sources */ = {isa = PBXBuildFile; fileRef = 2AD7CFE420BF8855008495BA /* GameViewController.swift */; };
		2AD7CFE820BF8855008495BA /* Main.storyboard in Resources */ = {isa = PBXBuildFile; fileRef = 2AD7CFE620BF8855008495BA /* Main.storyboard */; };
		2AD7CFEA20BF8855008495BA /* Assets.xcassets in Resources */ = {isa = PBXBuildFile; fileRef = 2AD7CFE920BF8855008495BA /* Assets.xcassets */; };
		2AD7CFED20BF8855008495BA /* LaunchScreen.storyboard in Resources */ = {isa = PBXBuildFile; fileRef = 2AD7CFEB20BF8855008495BA /* LaunchScreen.storyboard */; };
		2AD7CFF820BF8855008495BA /* PandaTests.swift in Sources */ = {isa = PBXBuildFile; fileRef = 2AD7CFF720BF8855008495BA /* PandaTests.swift */; };
		2AD7D00320BF8855008495BA /* PandaUITests.swift in Sources */ = {isa = PBXBuildFile; fileRef = 2AD7D00220BF8855008495BA /* PandaUITests.swift */; };
		2AD7D01B20BF889D008495BA /* run.atlas in Resources */ = {isa = PBXBuildFile; fileRef = 2AD7D01120BF889C008495BA /* run.atlas */; };
		2AD7D01C20BF889D008495BA /* jump_effect.atlas in Resources */ = {isa = PBXBuildFile; fileRef = 2AD7D01220BF889C008495BA /* jump_effect.atlas */; };
		2AD7D01D20BF889D008495BA /* jump.atlas in Resources */ = {isa = PBXBuildFile; fileRef = 2AD7D01320BF889C008495BA /* jump.atlas */; };
		2AD7D01E20BF889D008495BA /* roll.atlas in Resources */ = {isa = PBXBuildFile; fileRef = 2AD7D01420BF889C008495BA /* roll.atlas */; };
		2AD7D01F20BF889D008495BA /* hit.mp3 in Resources */ = {isa = PBXBuildFile; fileRef = 2AD7D01620BF889C008495BA /* hit.mp3 */; };
		2AD7D02020BF889D008495BA /* apple.mp3 in Resources */ = {isa = PBXBuildFile; fileRef = 2AD7D01720BF889C008495BA /* apple.mp3 */; };
		2AD7D02120BF889D008495BA /* jump_from_platform.mp3 in Resources */ = {isa = PBXBuildFile; fileRef = 2AD7D01820BF889C008495BA /* jump_from_platform.mp3 */; };
		2AD7D02220BF889D008495BA /* lose.mp3 in Resources */ = {isa = PBXBuildFile; fileRef = 2AD7D01920BF889C008495BA /* lose.mp3 */; };
		2AD7D02320BF889D008495BA /* hit_platform.mp3 in Resources */ = {isa = PBXBuildFile; fileRef = 2AD7D01A20BF889C008495BA /* hit_platform.mp3 */; };
		2AD7D02720BF88D9008495BA /* panda.swift in Sources */ = {isa = PBXBuildFile; fileRef = 2AD7D02620BF88D9008495BA /* panda.swift */; };
		2AD7D02920C061D2008495BA /* Paltform.swift in Sources */ = {isa = PBXBuildFile; fileRef = 2AD7D02820C061D2008495BA /* Paltform.swift */; };
		2AD7D02B20C0654D008495BA /* PlatformFactory.swift in Sources */ = {isa = PBXBuildFile; fileRef = 2AD7D02A20C0654D008495BA /* PlatformFactory.swift */; };
/* End PBXBuildFile section */

/* Begin PBXContainerItemProxy section */
		2AD7CFF420BF8855008495BA /* PBXContainerItemProxy */ = {
			isa = PBXContainerItemProxy;
			containerPortal = 2AD7CFD120BF8855008495BA /* Project object */;
			proxyType = 1;
			remoteGlobalIDString = 2AD7CFD820BF8855008495BA;
			remoteInfo = Panda;
		};
		2AD7CFFF20BF8855008495BA /* PBXContainerItemProxy */ = {
			isa = PBXContainerItemProxy;
			containerPortal = 2AD7CFD120BF8855008495BA /* Project object */;
			proxyType = 1;
			remoteGlobalIDString = 2AD7CFD820BF8855008495BA;
			remoteInfo = Panda;
		};
/* End PBXContainerItemProxy section */

/* Begin PBXFileReference section */
		2AD7CFD920BF8855008495BA /* Panda.app */ = {isa = PBXFileReference; explicitFileType = wrapper.application; includeInIndex = 0; path = Panda.app; sourceTree = BUILT_PRODUCTS_DIR; };
		2AD7CFDC20BF8855008495BA /* AppDelegate.swift */ = {isa = PBXFileReference; lastKnownFileType = sourcecode.swift; path = AppDelegate.swift; sourceTree = "<group>"; };
		2AD7CFDE20BF8855008495BA /* GameScene.sks */ = {isa = PBXFileReference; lastKnownFileType = file.sks; path = GameScene.sks; sourceTree = "<group>"; };
		2AD7CFE020BF8855008495BA /* Actions.sks */ = {isa = PBXFileReference; lastKnownFileType = file.sks; path = Actions.sks; sourceTree = "<group>"; };
		2AD7CFE220BF8855008495BA /* GameScene.swift */ = {isa = PBXFileReference; lastKnownFileType = sourcecode.swift; path = GameScene.swift; sourceTree = "<group>"; };
		2AD7CFE420BF8855008495BA /* GameViewController.swift */ = {isa = PBXFileReference; lastKnownFileType = sourcecode.swift; path = GameViewController.swift; sourceTree = "<group>"; };
		2AD7CFE720BF8855008495BA /* Base */ = {isa = PBXFileReference; lastKnownFileType = file.storyboard; name = Base; path = Base.lproj/Main.storyboard; sourceTree = "<group>"; };
		2AD7CFE920BF8855008495BA /* Assets.xcassets */ = {isa = PBXFileReference; lastKnownFileType = folder.assetcatalog; path = Assets.xcassets; sourceTree = "<group>"; };
		2AD7CFEC20BF8855008495BA /* Base */ = {isa = PBXFileReference; lastKnownFileType = file.storyboard; name = Base; path = Base.lproj/LaunchScreen.storyboard; sourceTree = "<group>"; };
		2AD7CFEE20BF8855008495BA /* Info.plist */ = {isa = PBXFileReference; lastKnownFileType = text.plist.xml; path = Info.plist; sourceTree = "<group>"; };
		2AD7CFF320BF8855008495BA /* PandaTests.xctest */ = {isa = PBXFileReference; explicitFileType = wrapper.cfbundle; includeInIndex = 0; path = PandaTests.xctest; sourceTree = BUILT_PRODUCTS_DIR; };
		2AD7CFF720BF8855008495BA /* PandaTests.swift */ = {isa = PBXFileReference; lastKnownFileType = sourcecode.swift; path = PandaTests.swift; sourceTree = "<group>"; };
		2AD7CFF920BF8855008495BA /* Info.plist */ = {isa = PBXFileReference; lastKnownFileType = text.plist.xml; path = Info.plist; sourceTree = "<group>"; };
		2AD7CFFE20BF8855008495BA /* PandaUITests.xctest */ = {isa = PBXFileReference; explicitFileType = wrapper.cfbundle; includeInIndex = 0; path = PandaUITests.xctest; sourceTree = BUILT_PRODUCTS_DIR; };
		2AD7D00220BF8855008495BA /* PandaUITests.swift */ = {isa = PBXFileReference; lastKnownFileType = sourcecode.swift; path = PandaUITests.swift; sourceTree = "<group>"; };
		2AD7D00420BF8855008495BA /* Info.plist */ = {isa = PBXFileReference; lastKnownFileType = text.plist.xml; path = Info.plist; sourceTree = "<group>"; };
		2AD7D01120BF889C008495BA /* run.atlas */ = {isa = PBXFileReference; lastKnownFileType = folder.skatlas; path = run.atlas; sourceTree = "<group>"; };
		2AD7D01220BF889C008495BA /* jump_effect.atlas */ = {isa = PBXFileReference; lastKnownFileType = folder.skatlas; path = jump_effect.atlas; sourceTree = "<group>"; };
		2AD7D01320BF889C008495BA /* jump.atlas */ = {isa = PBXFileReference; lastKnownFileType = folder.skatlas; path = jump.atlas; sourceTree = "<group>"; };
		2AD7D01420BF889C008495BA /* roll.atlas */ = {isa = PBXFileReference; lastKnownFileType = folder.skatlas; path = roll.atlas; sourceTree = "<group>"; };
		2AD7D01620BF889C008495BA /* hit.mp3 */ = {isa = PBXFileReference; lastKnownFileType = audio.mp3; path = hit.mp3; sourceTree = "<group>"; };
		2AD7D01720BF889C008495BA /* apple.mp3 */ = {isa = PBXFileReference; lastKnownFileType = audio.mp3; path = apple.mp3; sourceTree = "<group>"; };
		2AD7D01820BF889C008495BA /* jump_from_platform.mp3 */ = {isa = PBXFileReference; lastKnownFileType = audio.mp3; path = jump_from_platform.mp3; sourceTree = "<group>"; };
		2AD7D01920BF889C008495BA /* lose.mp3 */ = {isa = PBXFileReference; lastKnownFileType = audio.mp3; path = lose.mp3; sourceTree = "<group>"; };
		2AD7D01A20BF889C008495BA /* hit_platform.mp3 */ = {isa = PBXFileReference; lastKnownFileType = audio.mp3; path = hit_platform.mp3; sourceTree = "<group>"; };
		2AD7D02620BF88D9008495BA /* panda.swift */ = {isa = PBXFileReference; fileEncoding = 4; lastKnownFileType = sourcecode.swift; name = panda.swift; path = "../../../../.Trash/test123/熊猫跑酷/panda.swift"; sourceTree = "<group>"; };
		2AD7D02820C061D2008495BA /* Paltform.swift */ = {isa = PBXFileReference; lastKnownFileType = sourcecode.swift; path = Paltform.swift; sourceTree = "<group>"; };
		2AD7D02A20C0654D008495BA /* PlatformFactory.swift */ = {isa = PBXFileReference; lastKnownFileType = sourcecode.swift; path = PlatformFactory.swift; sourceTree = "<group>"; };
/* End PBXFileReference section */

/* Begin PBXFrameworksBuildPhase section */
		2AD7CFD620BF8855008495BA /* Frameworks */ = {
			isa = PBXFrameworksBuildPhase;
			buildActionMask = 2147483647;
			files = (
			);
			runOnlyForDeploymentPostprocessing = 0;
		};
		2AD7CFF020BF8855008495BA /* Frameworks */ = {
			isa = PBXFrameworksBuildPhase;
			buildActionMask = 2147483647;
			files = (
			);
			runOnlyForDeploymentPostprocessing = 0;
		};
		2AD7CFFB20BF8855008495BA /* Frameworks */ = {
			isa = PBXFrameworksBuildPhase;
			buildActionMask = 2147483647;
			files = (
			);
			runOnlyForDeploymentPostprocessing = 0;
		};
/* End PBXFrameworksBuildPhase section */

/* Begin PBXGroup section */
		2AD7CFD020BF8855008495BA = {
			isa = PBXGroup;
			children = (
				2AD7CFDB20BF8855008495BA /* Panda */,
				2AD7CFF620BF8855008495BA /* PandaTests */,
				2AD7D00120BF8855008495BA /* PandaUITests */,
				2AD7CFDA20BF8855008495BA /* Products */,
			);
			sourceTree = "<group>";
		};
		2AD7CFDA20BF8855008495BA /* Products */ = {
			isa = PBXGroup;
			children = (
				2AD7CFD920BF8855008495BA /* Panda.app */,
				2AD7CFF320BF8855008495BA /* PandaTests.xctest */,
				2AD7CFFE20BF8855008495BA /* PandaUITests.xctest */,
			);
			name = Products;
			sourceTree = "<group>";
		};
		2AD7CFDB20BF8855008495BA /* Panda */ = {
			isa = PBXGroup;
			children = (
				2AD7D01020BF889C008495BA /* atlas */,
				2AD7D01520BF889C008495BA /* sound */,
				2AD7CFDC20BF8855008495BA /* AppDelegate.swift */,
				2AD7CFDE20BF8855008495BA /* GameScene.sks */,
				2AD7CFE020BF8855008495BA /* Actions.sks */,
				2AD7D02620BF88D9008495BA /* panda.swift */,
				2AD7D02820C061D2008495BA /* Paltform.swift */,
				2AD7D02A20C0654D008495BA /* PlatformFactory.swift */,
				2AD7CFE220BF8855008495BA /* GameScene.swift */,
				2AD7CFE420BF8855008495BA /* GameViewController.swift */,
				2AD7CFE620BF8855008495BA /* Main.storyboard */,
				2AD7CFE920BF8855008495BA /* Assets.xcassets */,
				2AD7CFEB20BF8855008495BA /* LaunchScreen.storyboard */,
				2AD7CFEE20BF8855008495BA /* Info.plist */,
			);
			path = Panda;
			sourceTree = "<group>";
		};
		2AD7CFF620BF8855008495BA /* PandaTests */ = {
			isa = PBXGroup;
			children = (
				2AD7CFF720BF8855008495BA /* PandaTests.swift */,
				2AD7CFF920BF8855008495BA /* Info.plist */,
			);
			path = PandaTests;
			sourceTree = "<group>";
		};
		2AD7D00120BF8855008495BA /* PandaUITests */ = {
			isa = PBXGroup;
			children = (
				2AD7D00220BF8855008495BA /* PandaUITests.swift */,
				2AD7D00420BF8855008495BA /* Info.plist */,
			);
			path = PandaUITests;
			sourceTree = "<group>";
		};
		2AD7D01020BF889C008495BA /* atlas */ = {
			isa = PBXGroup;
			children = (
				2AD7D01120BF889C008495BA /* run.atlas */,
				2AD7D01220BF889C008495BA /* jump_effect.atlas */,
				2AD7D01320BF889C008495BA /* jump.atlas */,
				2AD7D01420BF889C008495BA /* roll.atlas */,
			);
			name = atlas;
			path = "../../../../Downloads/第9章 素材/atlas";
			sourceTree = "<group>";
		};
		2AD7D01520BF889C008495BA /* sound */ = {
			isa = PBXGroup;
			children = (
				2AD7D01620BF889C008495BA /* hit.mp3 */,
				2AD7D01720BF889C008495BA /* apple.mp3 */,
				2AD7D01820BF889C008495BA /* jump_from_platform.mp3 */,
				2AD7D01920BF889C008495BA /* lose.mp3 */,
				2AD7D01A20BF889C008495BA /* hit_platform.mp3 */,
			);
			name = sound;
			path = "../../../../Downloads/第9章 素材/sound";
			sourceTree = "<group>";
		};
/* End PBXGroup section */

/* Begin PBXNativeTarget section */
		2AD7CFD820BF8855008495BA /* Panda */ = {
			isa = PBXNativeTarget;
			buildConfigurationList = 2AD7D00720BF8855008495BA /* Build configuration list for PBXNativeTarget "Panda" */;
			buildPhases = (
				2AD7CFD520BF8855008495BA /* Sources */,
				2AD7CFD620BF8855008495BA /* Frameworks */,
				2AD7CFD720BF8855008495BA /* Resources */,
			);
			buildRules = (
			);
			dependencies = (
			);
			name = Panda;
			productName = Panda;
			productReference = 2AD7CFD920BF8855008495BA /* Panda.app */;
			productType = "com.apple.product-type.application";
		};
		2AD7CFF220BF8855008495BA /* PandaTests */ = {
			isa = PBXNativeTarget;
			buildConfigurationList = 2AD7D00A20BF8855008495BA /* Build configuration list for PBXNativeTarget "PandaTests" */;
			buildPhases = (
				2AD7CFEF20BF8855008495BA /* Sources */,
				2AD7CFF020BF8855008495BA /* Frameworks */,
				2AD7CFF120BF8855008495BA /* Resources */,
			);
			buildRules = (
			);
			dependencies = (
				2AD7CFF520BF8855008495BA /* PBXTargetDependency */,
			);
			name = PandaTests;
			productName = PandaTests;
			productReference = 2AD7CFF320BF8855008495BA /* PandaTests.xctest */;
			productType = "com.apple.product-type.bundle.unit-test";
		};
		2AD7CFFD20BF8855008495BA /* PandaUITests */ = {
			isa = PBXNativeTarget;
			buildConfigurationList = 2AD7D00D20BF8855008495BA /* Build configuration list for PBXNativeTarget "PandaUITests" */;
			buildPhases = (
				2AD7CFFA20BF8855008495BA /* Sources */,
				2AD7CFFB20BF8855008495BA /* Frameworks */,
				2AD7CFFC20BF8855008495BA /* Resources */,
			);
			buildRules = (
			);
			dependencies = (
				2AD7D00020BF8855008495BA /* PBXTargetDependency */,
			);
			name = PandaUITests;
			productName = PandaUITests;
			productReference = 2AD7CFFE20BF8855008495BA /* PandaUITests.xctest */;
			productType = "com.apple.product-type.bundle.ui-testing";
		};
/* End PBXNativeTarget section */

/* Begin PBXProject section */
		2AD7CFD120BF8855008495BA /* Project object */ = {
			isa = PBXProject;
			attributes = {
				LastSwiftUpdateCheck = 0930;
				LastUpgradeCheck = 0930;
				ORGANIZATIONNAME = hwanghaoyu;
				TargetAttributes = {
					2AD7CFD820BF8855008495BA = {
						CreatedOnToolsVersion = 9.3.1;
					};
					2AD7CFF220BF8855008495BA = {
						CreatedOnToolsVersion = 9.3.1;
						TestTargetID = 2AD7CFD820BF8855008495BA;
					};
					2AD7CFFD20BF8855008495BA = {
						CreatedOnToolsVersion = 9.3.1;
						TestTargetID = 2AD7CFD820BF8855008495BA;
					};
				};
			};
			buildConfigurationList = 2AD7CFD420BF8855008495BA /* Build configuration list for PBXProject "Panda" */;
			compatibilityVersion = "Xcode 9.3";
			developmentRegion = en;
			hasScannedForEncodings = 0;
			knownRegions = (
				en,
				Base,
			);
			mainGroup = 2AD7CFD020BF8855008495BA;
			productRefGroup = 2AD7CFDA20BF8855008495BA /* Products */;
			projectDirPath = "";
			projectRoot = "";
			targets = (
				2AD7CFD820BF8855008495BA /* Panda */,
				2AD7CFF220BF8855008495BA /* PandaTests */,
				2AD7CFFD20BF8855008495BA /* PandaUITests */,
			);
		};
/* End PBXProject section */

/* Begin PBXResourcesBuildPhase section */
		2AD7CFD720BF8855008495BA /* Resources */ = {
			isa = PBXResourcesBuildPhase;
			buildActionMask = 2147483647;
			files = (
				2AD7CFE820BF8855008495BA /* Main.storyboard in Resources */,
				2AD7D01D20BF889D008495BA /* jump.atlas in Resources */,
				2AD7CFDF20BF8855008495BA /* GameScene.sks in Resources */,
				2AD7CFEA20BF8855008495BA /* Assets.xcassets in Resources */,
				2AD7D01F20BF889D008495BA /* hit.mp3 in Resources */,
				2AD7D01B20BF889D008495BA /* run.atlas in Resources */,
				2AD7D01C20BF889D008495BA /* jump_effect.atlas in Resources */,
				2AD7D02120BF889D008495BA /* jump_from_platform.mp3 in Resources */,
				2AD7CFED20BF8855008495BA /* LaunchScreen.storyboard in Resources */,
				2AD7D02020BF889D008495BA /* apple.mp3 in Resources */,
				2AD7D01E20BF889D008495BA /* roll.atlas in Resources */,
				2AD7D02320BF889D008495BA /* hit_platform.mp3 in Resources */,
				2AD7CFE120BF8855008495BA /* Actions.sks in Resources */,
				2AD7D02220BF889D008495BA /* lose.mp3 in Resources */,
			);
			runOnlyForDeploymentPostprocessing = 0;
		};
		2AD7CFF120BF8855008495BA /* Resources */ = {
			isa = PBXResourcesBuildPhase;
			buildActionMask = 2147483647;
			files = (
			);
			runOnlyForDeploymentPostprocessing = 0;
		};
		2AD7CFFC20BF8855008495BA /* Resources */ = {
			isa = PBXResourcesBuildPhase;
			buildActionMask = 2147483647;
			files = (
			);
			runOnlyForDeploymentPostprocessing = 0;
		};
/* End PBXResourcesBuildPhase section */

/* Begin PBXSourcesBuildPhase section */
		2AD7CFD520BF8855008495BA /* Sources */ = {
			isa = PBXSourcesBuildPhase;
			buildActionMask = 2147483647;
			files = (
				2AD7D02720BF88D9008495BA /* panda.swift in Sources */,
				2AD7D02B20C0654D008495BA /* PlatformFactory.swift in Sources */,
				2AD7CFE320BF8855008495BA /* GameScene.swift in Sources */,
				2AD7CFE520BF8855008495BA /* GameViewController.swift in Sources */,
				2AD7D02920C061D2008495BA /* Paltform.swift in Sources */,
				2AD7CFDD20BF8855008495BA /* AppDelegate.swift in Sources */,
			);
			runOnlyForDeploymentPostprocessing = 0;
		};
		2AD7CFEF20BF8855008495BA /* Sources */ = {
			isa = PBXSourcesBuildPhase;
			buildActionMask = 2147483647;
			files = (
				2AD7CFF820BF8855008495BA /* PandaTests.swift in Sources */,
			);
			runOnlyForDeploymentPostprocessing = 0;
		};
		2AD7CFFA20BF8855008495BA /* Sources */ = {
			isa = PBXSourcesBuildPhase;
			buildActionMask = 2147483647;
			files = (
				2AD7D00320BF8855008495BA /* PandaUITests.swift in Sources */,
			);
			runOnlyForDeploymentPostprocessing = 0;
		};
/* End PBXSourcesBuildPhase section */

/* Begin PBXTargetDependency section */
		2AD7CFF520BF8855008495BA /* PBXTargetDependency */ = {
			isa = PBXTargetDependency;
			target = 2AD7CFD820BF8855008495BA /* Panda */;
			targetProxy = 2AD7CFF420BF8855008495BA /* PBXContainerItemProxy */;
		};
		2AD7D00020BF8855008495BA /* PBXTargetDependency */ = {
			isa = PBXTargetDependency;
			target = 2AD7CFD820BF8855008495BA /* Panda */;
			targetProxy = 2AD7CFFF20BF8855008495BA /* PBXContainerItemProxy */;
		};
/* End PBXTargetDependency section */

/* Begin PBXVariantGroup section */
		2AD7CFE620BF8855008495BA /* Main.storyboard */ = {
			isa = PBXVariantGroup;
			children = (
				2AD7CFE720BF8855008495BA /* Base */,
			);
			name = Main.storyboard;
			sourceTree = "<group>";
		};
		2AD7CFEB20BF8855008495BA /* LaunchScreen.storyboard */ = {
			isa = PBXVariantGroup;
			children = (
				2AD7CFEC20BF8855008495BA /* Base */,
			);
			name = LaunchScreen.storyboard;
			sourceTree = "<group>";
		};
/* End PBXVariantGroup section */

/* Begin XCBuildConfiguration section */
		2AD7D00520BF8855008495BA /* Debug */ = {
			isa = XCBuildConfiguration;
			buildSettings = {
				ALWAYS_SEARCH_USER_PATHS = NO;
				CLANG_ANALYZER_NONNULL = YES;
				CLANG_ANALYZER_NUMBER_OBJECT_CONVERSION = YES_AGGRESSIVE;
				CLANG_CXX_LANGUAGE_STANDARD = "gnu++14";
				CLANG_CXX_LIBRARY = "libc++";
				CLANG_ENABLE_MODULES = YES;
				CLANG_ENABLE_OBJC_ARC = YES;
				CLANG_ENABLE_OBJC_WEAK = YES;
				CLANG_WARN_BLOCK_CAPTURE_AUTORELEASING = YES;
				CLANG_WARN_BOOL_CONVERSION = YES;
				CLANG_WARN_COMMA = YES;
				CLANG_WARN_CONSTANT_CONVERSION = YES;
				CLANG_WARN_DEPRECATED_OBJC_IMPLEMENTATIONS = YES;
				CLANG_WARN_DIRECT_OBJC_ISA_USAGE = YES_ERROR;
				CLANG_WARN_DOCUMENTATION_COMMENTS = YES;
				CLANG_WARN_EMPTY_BODY = YES;
				CLANG_WARN_ENUM_CONVERSION = YES;
				CLANG_WARN_INFINITE_RECURSION = YES;
				CLANG_WARN_INT_CONVERSION = YES;
				CLANG_WARN_NON_LITERAL_NULL_CONVERSION = YES;
				CLANG_WARN_OBJC_IMPLICIT_RETAIN_SELF = YES;
				CLANG_WARN_OBJC_LITERAL_CONVERSION = YES;
				CLANG_WARN_OBJC_ROOT_CLASS = YES_ERROR;
				CLANG_WARN_RANGE_LOOP_ANALYSIS = YES;
				CLANG_WARN_STRICT_PROTOTYPES = YES;
				CLANG_WARN_SUSPICIOUS_MOVE = YES;
				CLANG_WARN_UNGUARDED_AVAILABILITY = YES_AGGRESSIVE;
				CLANG_WARN_UNREACHABLE_CODE = YES;
				CLANG_WARN__DUPLICATE_METHOD_MATCH = YES;
				CODE_SIGN_IDENTITY = "iPhone Developer";
				COPY_PHASE_STRIP = NO;
				DEBUG_INFORMATION_FORMAT = dwarf;
				ENABLE_STRICT_OBJC_MSGSEND = YES;
				ENABLE_TESTABILITY = YES;
				GCC_C_LANGUAGE_STANDARD = gnu11;
				GCC_DYNAMIC_NO_PIC = NO;
				GCC_NO_COMMON_BLOCKS = YES;
				GCC_OPTIMIZATION_LEVEL = 0;
				GCC_PREPROCESSOR_DEFINITIONS = (
					"DEBUG=1",
					"$(inherited)",
				);
				GCC_WARN_64_TO_32_BIT_CONVERSION = YES;
				GCC_WARN_ABOUT_RETURN_TYPE = YES_ERROR;
				GCC_WARN_UNDECLARED_SELECTOR = YES;
				GCC_WARN_UNINITIALIZED_AUTOS = YES_AGGRESSIVE;
				GCC_WARN_UNUSED_FUNCTION = YES;
				GCC_WARN_UNUSED_VARIABLE = YES;
				IPHONEOS_DEPLOYMENT_TARGET = 11.3;
				MTL_ENABLE_DEBUG_INFO = YES;
				ONLY_ACTIVE_ARCH = YES;
				SDKROOT = iphoneos;
				SWIFT_ACTIVE_COMPILATION_CONDITIONS = DEBUG;
				SWIFT_OPTIMIZATION_LEVEL = "-Onone";
			};
			name = Debug;
		};
		2AD7D00620BF8855008495BA /* Release */ = {
			isa = XCBuildConfiguration;
			buildSettings = {
				ALWAYS_SEARCH_USER_PATHS = NO;
				CLANG_ANALYZER_NONNULL = YES;
				CLANG_ANALYZER_NUMBER_OBJECT_CONVERSION = YES_AGGRESSIVE;
				CLANG_CXX_LANGUAGE_STANDARD = "gnu++14";
				CLANG_CXX_LIBRARY = "libc++";
				CLANG_ENABLE_MODULES = YES;
				CLANG_ENABLE_OBJC_ARC = YES;
				CLANG_ENABLE_OBJC_WEAK = YES;
				CLANG_WARN_BLOCK_CAPTURE_AUTORELEASING = YES;
				CLANG_WARN_BOOL_CONVERSION = YES;
				CLANG_WARN_COMMA = YES;
				CLANG_WARN_CONSTANT_CONVERSION = YES;
				CLANG_WARN_DEPRECATED_OBJC_IMPLEMENTATIONS = YES;
				CLANG_WARN_DIRECT_OBJC_ISA_USAGE = YES_ERROR;
				CLANG_WARN_DOCUMENTATION_COMMENTS = YES;
				CLANG_WARN_EMPTY_BODY = YES;
				CLANG_WARN_ENUM_CONVERSION = YES;
				CLANG_WARN_INFINITE_RECURSION = YES;
				CLANG_WARN_INT_CONVERSION = YES;
				CLANG_WARN_NON_LITERAL_NULL_CONVERSION = YES;
				CLANG_WARN_OBJC_IMPLICIT_RETAIN_SELF = YES;
				CLANG_WARN_OBJC_LITERAL_CONVERSION = YES;
				CLANG_WARN_OBJC_ROOT_CLASS = YES_ERROR;
				CLANG_WARN_RANGE_LOOP_ANALYSIS = YES;
				CLANG_WARN_STRICT_PROTOTYPES = YES;
				CLANG_WARN_SUSPICIOUS_MOVE = YES;
				CLANG_WARN_UNGUARDED_AVAILABILITY = YES_AGGRESSIVE;
				CLANG_WARN_UNREACHABLE_CODE = YES;
				CLANG_WARN__DUPLICATE_METHOD_MATCH = YES;
				CODE_SIGN_IDENTITY = "iPhone Developer";
				COPY_PHASE_STRIP = NO;
				DEBUG_INFORMATION_FORMAT = "dwarf-with-dsym";
				ENABLE_NS_ASSERTIONS = NO;
				ENABLE_STRICT_OBJC_MSGSEND = YES;
				GCC_C_LANGUAGE_STANDARD = gnu11;
				GCC_NO_COMMON_BLOCKS = YES;
				GCC_WARN_64_TO_32_BIT_CONVERSION = YES;
				GCC_WARN_ABOUT_RETURN_TYPE = YES_ERROR;
				GCC_WARN_UNDECLARED_SELECTOR = YES;
				GCC_WARN_UNINITIALIZED_AUTOS = YES_AGGRESSIVE;
				GCC_WARN_UNUSED_FUNCTION = YES;
				GCC_WARN_UNUSED_VARIABLE = YES;
				IPHONEOS_DEPLOYMENT_TARGET = 11.3;
				MTL_ENABLE_DEBUG_INFO = NO;
				SDKROOT = iphoneos;
				SWIFT_COMPILATION_MODE = wholemodule;
				SWIFT_OPTIMIZATION_LEVEL = "-O";
				VALIDATE_PRODUCT = YES;
			};
			name = Release;
		};
		2AD7D00820BF8855008495BA /* Debug */ = {
			isa = XCBuildConfiguration;
			buildSettings = {
				ASSETCATALOG_COMPILER_APPICON_NAME = AppIcon;
				CODE_SIGN_STYLE = Automatic;
				DEVELOPMENT_TEAM = PFGTXBC59E;
				INFOPLIST_FILE = Panda/Info.plist;
				LD_RUNPATH_SEARCH_PATHS = (
					"$(inherited)",
					"@executable_path/Frameworks",
				);
				PRODUCT_BUNDLE_IDENTIFIER = com.hwanghaoyu.Panda;
				PRODUCT_NAME = "$(TARGET_NAME)";
				SWIFT_VERSION = 4.0;
				TARGETED_DEVICE_FAMILY = "1,2";
			};
			name = Debug;
		};
		2AD7D00920BF8855008495BA /* Release */ = {
			isa = XCBuildConfiguration;
			buildSettings = {
				ASSETCATALOG_COMPILER_APPICON_NAME = AppIcon;
				CODE_SIGN_STYLE = Automatic;
				DEVELOPMENT_TEAM = PFGTXBC59E;
				INFOPLIST_FILE = Panda/Info.plist;
				LD_RUNPATH_SEARCH_PATHS = (
					"$(inherited)",
					"@executable_path/Frameworks",
				);
				PRODUCT_BUNDLE_IDENTIFIER = com.hwanghaoyu.Panda;
				PRODUCT_NAME = "$(TARGET_NAME)";
				SWIFT_VERSION = 4.0;
				TARGETED_DEVICE_FAMILY = "1,2";
			};
			name = Release;
		};
		2AD7D00B20BF8855008495BA /* Debug */ = {
			isa = XCBuildConfiguration;
			buildSettings = {
				ALWAYS_EMBED_SWIFT_STANDARD_LIBRARIES = YES;
				BUNDLE_LOADER = "$(TEST_HOST)";
				CODE_SIGN_STYLE = Automatic;
				DEVELOPMENT_TEAM = PFGTXBC59E;
				INFOPLIST_FILE = PandaTests/Info.plist;
				LD_RUNPATH_SEARCH_PATHS = (
					"$(inherited)",
					"@executable_path/Frameworks",
					"@loader_path/Frameworks",
				);
				PRODUCT_BUNDLE_IDENTIFIER = com.hwanghaoyu.PandaTests;
				PRODUCT_NAME = "$(TARGET_NAME)";
				SWIFT_VERSION = 4.0;
				TARGETED_DEVICE_FAMILY = "1,2";
				TEST_HOST = "$(BUILT_PRODUCTS_DIR)/Panda.app/Panda";
			};
			name = Debug;
		};
		2AD7D00C20BF8855008495BA /* Release */ = {
			isa = XCBuildConfiguration;
			buildSettings = {
				ALWAYS_EMBED_SWIFT_STANDARD_LIBRARIES = YES;
				BUNDLE_LOADER = "$(TEST_HOST)";
				CODE_SIGN_STYLE = Automatic;
				DEVELOPMENT_TEAM = PFGTXBC59E;
				INFOPLIST_FILE = PandaTests/Info.plist;
				LD_RUNPATH_SEARCH_PATHS = (
					"$(inherited)",
					"@executable_path/Frameworks",
					"@loader_path/Frameworks",
				);
				PRODUCT_BUNDLE_IDENTIFIER = com.hwanghaoyu.PandaTests;
				PRODUCT_NAME = "$(TARGET_NAME)";
				SWIFT_VERSION = 4.0;
				TARGETED_DEVICE_FAMILY = "1,2";
				TEST_HOST = "$(BUILT_PRODUCTS_DIR)/Panda.app/Panda";
			};
			name = Release;
		};
		2AD7D00E20BF8855008495BA /* Debug */ = {
			isa = XCBuildConfiguration;
			buildSettings = {
				ALWAYS_EMBED_SWIFT_STANDARD_LIBRARIES = YES;
				CODE_SIGN_STYLE = Automatic;
				DEVELOPMENT_TEAM = PFGTXBC59E;
				INFOPLIST_FILE = PandaUITests/Info.plist;
				LD_RUNPATH_SEARCH_PATHS = (
					"$(inherited)",
					"@executable_path/Frameworks",
					"@loader_path/Frameworks",
				);
				PRODUCT_BUNDLE_IDENTIFIER = com.hwanghaoyu.PandaUITests;
				PRODUCT_NAME = "$(TARGET_NAME)";
				SWIFT_VERSION = 4.0;
				TARGETED_DEVICE_FAMILY = "1,2";
				TEST_TARGET_NAME = Panda;
			};
			name = Debug;
		};
		2AD7D00F20BF8855008495BA /* Release */ = {
			isa = XCBuildConfiguration;
			buildSettings = {
				ALWAYS_EMBED_SWIFT_STANDARD_LIBRARIES = YES;
				CODE_SIGN_STYLE = Automatic;
				DEVELOPMENT_TEAM = PFGTXBC59E;
				INFOPLIST_FILE = PandaUITests/Info.plist;
				LD_RUNPATH_SEARCH_PATHS = (
					"$(inherited)",
					"@executable_path/Frameworks",
					"@loader_path/Frameworks",
				);
				PRODUCT_BUNDLE_IDENTIFIER = com.hwanghaoyu.PandaUITests;
				PRODUCT_NAME = "$(TARGET_NAME)";
				SWIFT_VERSION = 4.0;
				TARGETED_DEVICE_FAMILY = "1,2";
				TEST_TARGET_NAME = Panda;
			};
			name = Release;
		};
/* End XCBuildConfiguration section */

/* Begin XCConfigurationList section */
		2AD7CFD420BF8855008495BA /* Build configuration list for PBXProject "Panda" */ = {
			isa = XCConfigurationList;
			buildConfigurations = (
				2AD7D00520BF8855008495BA /* Debug */,
				2AD7D00620BF8855008495BA /* Release */,
			);
			defaultConfigurationIsVisible = 0;
			defaultConfigurationName = Release;
		};
		2AD7D00720BF8855008495BA /* Build configuration list for PBXNativeTarget "Panda" */ = {
			isa = XCConfigurationList;
			buildConfigurations = (
				2AD7D00820BF8855008495BA /* Debug */,
				2AD7D00920BF8855008495BA /* Release */,
			);
			defaultConfigurationIsVisible = 0;
			defaultConfigurationName = Release;
		};
		2AD7D00A20BF8855008495BA /* Build configuration list for PBXNativeTarget "PandaTests" */ = {
			isa = XCConfigurationList;
			buildConfigurations = (
				2AD7D00B20BF8855008495BA /* Debug */,
				2AD7D00C20BF8855008495BA /* Release */,
			);
			defaultConfigurationIsVisible = 0;
			defaultConfigurationName = Release;
		};
		2AD7D00D20BF8855008495BA /* Build configuration list for PBXNativeTarget "PandaUITests" */ = {
			isa = XCConfigurationList;
			buildConfigurations = (
				2AD7D00E20BF8855008495BA /* Debug */,
				2AD7D00F20BF8855008495BA /* Release */,
			);
			defaultConfigurationIsVisible = 0;
			defaultConfigurationName = Release;
		};
/* End XCConfigurationList section */
	};
	rootObject = 2AD7CFD120BF8855008495BA /* Project object */;
}
